
Microsoft Visual Studio Solution File, Format Version 12.00
# Visual Studio Version 16
VisualStudioVersion = 16.0.34301.259
MinimumVisualStudioVersion = 10.0.40219.1
Project("{FAE04EC0-301F-11D3-BF4B-00C04F79EFBC}") = "arslanzd4", "arslanzd4\arslanzd4.csproj", "{5FF7E33E-85EE-47B7-8DB9-E72D08BEC8E6}"
EndProject
Global
	GlobalSection(SolutionConfigurationPlatforms) = preSolution
		Debug|Any CPU = Debug|Any CPU
		Release|Any CPU = Release|Any CPU
	EndGlobalSection
	GlobalSection(ProjectConfigurationPlatforms) = postSolution
		{5FF7E33E-85EE-47B7-8DB9-E72D08BEC8E6}.Debug|Any CPU.ActiveCfg = Debug|Any CPU
		{5FF7E33E-85EE-47B7-8DB9-E72D08BEC8E6}.Debug|Any CPU.Build.0 = Debug|Any CPU
		{5FF7E33E-85EE-47B7-8DB9-E72D08BEC8E6}.Release|Any CPU.ActiveCfg = Release|Any CPU
		{5FF7E33E-85EE-47B7-8DB9-E72D08BEC8E6}.Release|Any CPU.Build.0 = Release|Any CPU
	EndGlobalSection
	GlobalSection(SolutionProperties) = preSolution
		HideSolutionNode = FALSE
	EndGlobalSection
	GlobalSection(ExtensibilityGlobals) = postSolution
		SolutionGuid = {46C7178E-C44C-4D5F-9D70-187BBC77EBB8}
	EndGlobalSection
EndGlobal
